// !$*UTF8*$!
{
	archiveVersion = 1;
	classes = {
	};
	objectVersion = 55;
	objects = {

/* Begin PBXBuildFile section */
		DB710EF428787E540087FD2B /* SettingsViewController.swift in Sources */ = {isa = PBXBuildFile; fileRef = DB710EF328787E540087FD2B /* SettingsViewController.swift */; };
		DB710EF628787E730087FD2B /* SortedTableViewCell.swift in Sources */ = {isa = PBXBuildFile; fileRef = DB710EF528787E730087FD2B /* SortedTableViewCell.swift */; };
		DB710EF928787EFB0087FD2B /* PassViewController.swift in Sources */ = {isa = PBXBuildFile; fileRef = DB710EF828787EFB0087FD2B /* PassViewController.swift */; };
		DB9AAB3D287B8771004D01DB /* KeychainAccess in Frameworks */ = {isa = PBXBuildFile; productRef = DB9AAB3C287B8771004D01DB /* KeychainAccess */; };
		DBA6740C287A08E500C6BCEB /* KeychainManager.swift in Sources */ = {isa = PBXBuildFile; fileRef = DBA6740B287A08E500C6BCEB /* KeychainManager.swift */; };
		DBA67412287B0B1200C6BCEB /* MainTabBarController.swift in Sources */ = {isa = PBXBuildFile; fileRef = DBA67411287B0B1200C6BCEB /* MainTabBarController.swift */; };
		DBA67414287B118400C6BCEB /* Credentials.swift in Sources */ = {isa = PBXBuildFile; fileRef = DBA67413287B118400C6BCEB /* Credentials.swift */; };
		DBA67416287B1E4F00C6BCEB /* AuthState.swift in Sources */ = {isa = PBXBuildFile; fileRef = DBA67415287B1E4F00C6BCEB /* AuthState.swift */; };
		DBB686FD28748C33009348BA /* AppDelegate.swift in Sources */ = {isa = PBXBuildFile; fileRef = DBB686FC28748C33009348BA /* AppDelegate.swift */; };
		DBB686FF28748C33009348BA /* SceneDelegate.swift in Sources */ = {isa = PBXBuildFile; fileRef = DBB686FE28748C33009348BA /* SceneDelegate.swift */; };
		DBB6870128748C33009348BA /* DocumentsViewController.swift in Sources */ = {isa = PBXBuildFile; fileRef = DBB6870028748C33009348BA /* DocumentsViewController.swift */; };
		DBB6870628748C35009348BA /* Assets.xcassets in Resources */ = {isa = PBXBuildFile; fileRef = DBB6870528748C35009348BA /* Assets.xcassets */; };
		DBB6870928748C35009348BA /* LaunchScreen.storyboard in Resources */ = {isa = PBXBuildFile; fileRef = DBB6870728748C35009348BA /* LaunchScreen.storyboard */; };
		DBB6871328749674009348BA /* FileManagerService.swift in Sources */ = {isa = PBXBuildFile; fileRef = DBB6871228749674009348BA /* FileManagerService.swift */; };
		DBCF016D2875FE3D000AE722 /* Document.swift in Sources */ = {isa = PBXBuildFile; fileRef = DBCF016C2875FE3D000AE722 /* Document.swift */; };
		DBCF016F2875FED6000AE722 /* DocumentsTableViewCell.swift in Sources */ = {isa = PBXBuildFile; fileRef = DBCF016E2875FED6000AE722 /* DocumentsTableViewCell.swift */; };
		DBCF017228760343000AE722 /* Extensions.swift in Sources */ = {isa = PBXBuildFile; fileRef = DBCF017128760343000AE722 /* Extensions.swift */; };
		E2C9C3C1CE0444255220DC2F /* Pods_MyDocuments.framework in Frameworks */ = {isa = PBXBuildFile; fileRef = 48880EA29D53C0E49049F993 /* Pods_MyDocuments.framework */; };
/* End PBXBuildFile section */

/* Begin PBXFileReference section */
		1D8E679684E2ACF86C0CC3FC /* Pods-MyDocuments.release.xcconfig */ = {isa = PBXFileReference; includeInIndex = 1; lastKnownFileType = text.xcconfig; name = "Pods-MyDocuments.release.xcconfig"; path = "Target Support Files/Pods-MyDocuments/Pods-MyDocuments.release.xcconfig"; sourceTree = "<group>"; };
		48880EA29D53C0E49049F993 /* Pods_MyDocuments.framework */ = {isa = PBXFileReference; explicitFileType = wrapper.framework; includeInIndex = 0; path = Pods_MyDocuments.framework; sourceTree = BUILT_PRODUCTS_DIR; };
		CCD95149AEA18C911AC9FB81 /* Pods-MyDocuments.debug.xcconfig */ = {isa = PBXFileReference; includeInIndex = 1; lastKnownFileType = text.xcconfig; name = "Pods-MyDocuments.debug.xcconfig"; path = "Target Support Files/Pods-MyDocuments/Pods-MyDocuments.debug.xcconfig"; sourceTree = "<group>"; };
		DB710EF328787E540087FD2B /* SettingsViewController.swift */ = {isa = PBXFileReference; lastKnownFileType = sourcecode.swift; path = SettingsViewController.swift; sourceTree = "<group>"; };
		DB710EF528787E730087FD2B /* SortedTableViewCell.swift */ = {isa = PBXFileReference; lastKnownFileType = sourcecode.swift; path = SortedTableViewCell.swift; sourceTree = "<group>"; };
		DB710EF828787EFB0087FD2B /* PassViewController.swift */ = {isa = PBXFileReference; lastKnownFileType = sourcecode.swift; path = PassViewController.swift; sourceTree = "<group>"; };
		DBA6740B287A08E500C6BCEB /* KeychainManager.swift */ = {isa = PBXFileReference; lastKnownFileType = sourcecode.swift; path = KeychainManager.swift; sourceTree = "<group>"; };
		DBA67411287B0B1200C6BCEB /* MainTabBarController.swift */ = {isa = PBXFileReference; lastKnownFileType = sourcecode.swift; path = MainTabBarController.swift; sourceTree = "<group>"; };
		DBA67413287B118400C6BCEB /* Credentials.swift */ = {isa = PBXFileReference; lastKnownFileType = sourcecode.swift; path = Credentials.swift; sourceTree = "<group>"; };
		DBA67415287B1E4F00C6BCEB /* AuthState.swift */ = {isa = PBXFileReference; lastKnownFileType = sourcecode.swift; path = AuthState.swift; sourceTree = "<group>"; };
		DBB686F928748C33009348BA /* MyDocuments.app */ = {isa = PBXFileReference; explicitFileType = wrapper.application; includeInIndex = 0; path = MyDocuments.app; sourceTree = BUILT_PRODUCTS_DIR; };
		DBB686FC28748C33009348BA /* AppDelegate.swift */ = {isa = PBXFileReference; lastKnownFileType = sourcecode.swift; path = AppDelegate.swift; sourceTree = "<group>"; };
		DBB686FE28748C33009348BA /* SceneDelegate.swift */ = {isa = PBXFileReference; lastKnownFileType = sourcecode.swift; path = SceneDelegate.swift; sourceTree = "<group>"; };
		DBB6870028748C33009348BA /* DocumentsViewController.swift */ = {isa = PBXFileReference; lastKnownFileType = sourcecode.swift; path = DocumentsViewController.swift; sourceTree = "<group>"; };
		DBB6870528748C35009348BA /* Assets.xcassets */ = {isa = PBXFileReference; lastKnownFileType = folder.assetcatalog; path = Assets.xcassets; sourceTree = "<group>"; };
		DBB6870828748C35009348BA /* Base */ = {isa = PBXFileReference; lastKnownFileType = file.storyboard; name = Base; path = Base.lproj/LaunchScreen.storyboard; sourceTree = "<group>"; };
		DBB6870A28748C35009348BA /* Info.plist */ = {isa = PBXFileReference; lastKnownFileType = text.plist.xml; path = Info.plist; sourceTree = "<group>"; };
		DBB6871228749674009348BA /* FileManagerService.swift */ = {isa = PBXFileReference; lastKnownFileType = sourcecode.swift; path = FileManagerService.swift; sourceTree = "<group>"; };
		DBCF016C2875FE3D000AE722 /* Document.swift */ = {isa = PBXFileReference; lastKnownFileType = sourcecode.swift; path = Document.swift; sourceTree = "<group>"; };
		DBCF016E2875FED6000AE722 /* DocumentsTableViewCell.swift */ = {isa = PBXFileReference; lastKnownFileType = sourcecode.swift; path = DocumentsTableViewCell.swift; sourceTree = "<group>"; };
		DBCF017128760343000AE722 /* Extensions.swift */ = {isa = PBXFileReference; lastKnownFileType = sourcecode.swift; path = Extensions.swift; sourceTree = "<group>"; };
/* End PBXFileReference section */

/* Begin PBXFrameworksBuildPhase section */
		DBB686F628748C33009348BA /* Frameworks */ = {
			isa = PBXFrameworksBuildPhase;
			buildActionMask = 2147483647;
			files = (
				DB9AAB3D287B8771004D01DB /* KeychainAccess in Frameworks */,
				E2C9C3C1CE0444255220DC2F /* Pods_MyDocuments.framework in Frameworks */,
			);
			runOnlyForDeploymentPostprocessing = 0;
		};
/* End PBXFrameworksBuildPhase section */

/* Begin PBXGroup section */
		1FEE3295E54563218DB19544 /* Frameworks */ = {
			isa = PBXGroup;
			children = (
				48880EA29D53C0E49049F993 /* Pods_MyDocuments.framework */,
			);
			name = Frameworks;
			sourceTree = "<group>";
		};
		7274ED8027396E4CBD121BBD /* Pods */ = {
			isa = PBXGroup;
			children = (
				CCD95149AEA18C911AC9FB81 /* Pods-MyDocuments.debug.xcconfig */,
				1D8E679684E2ACF86C0CC3FC /* Pods-MyDocuments.release.xcconfig */,
			);
			path = Pods;
			sourceTree = "<group>";
		};
		DB710EF228787E2A0087FD2B /* SettingsView */ = {
			isa = PBXGroup;
			children = (
				DB710EF328787E540087FD2B /* SettingsViewController.swift */,
			);
			path = SettingsView;
			sourceTree = "<group>";
		};
		DB710EF728787EDF0087FD2B /* PassView */ = {
			isa = PBXGroup;
			children = (
				DB9AAB3A287B69A4004D01DB /* MainTabBar */,
				DB710EF828787EFB0087FD2B /* PassViewController.swift */,
				DBA67415287B1E4F00C6BCEB /* AuthState.swift */,
			);
			path = PassView;
			sourceTree = "<group>";
		};
		DB9AAB38287B6946004D01DB /* Cells */ = {
			isa = PBXGroup;
			children = (
				DBCF016E2875FED6000AE722 /* DocumentsTableViewCell.swift */,
				DB710EF528787E730087FD2B /* SortedTableViewCell.swift */,
			);
			path = Cells;
			sourceTree = "<group>";
		};
		DB9AAB39287B6967004D01DB /* KeychainManager */ = {
			isa = PBXGroup;
			children = (
				DBA67413287B118400C6BCEB /* Credentials.swift */,
				DBA6740B287A08E500C6BCEB /* KeychainManager.swift */,
			);
			path = KeychainManager;
			sourceTree = "<group>";
		};
		DB9AAB3A287B69A4004D01DB /* MainTabBar */ = {
			isa = PBXGroup;
			children = (
				DBA67411287B0B1200C6BCEB /* MainTabBarController.swift */,
			);
			path = MainTabBar;
			sourceTree = "<group>";
		};
		DBB686F028748C33009348BA = {
			isa = PBXGroup;
			children = (
				DBB686FB28748C33009348BA /* MyDocuments */,
				DBB686FA28748C33009348BA /* Products */,
				7274ED8027396E4CBD121BBD /* Pods */,
				1FEE3295E54563218DB19544 /* Frameworks */,
			);
			sourceTree = "<group>";
		};
		DBB686FA28748C33009348BA /* Products */ = {
			isa = PBXGroup;
			children = (
				DBB686F928748C33009348BA /* MyDocuments.app */,
			);
			name = Products;
			sourceTree = "<group>";
		};
		DBB686FB28748C33009348BA /* MyDocuments */ = {
			isa = PBXGroup;
			children = (
				DBB686FC28748C33009348BA /* AppDelegate.swift */,
				DBB686FE28748C33009348BA /* SceneDelegate.swift */,
				DBCF016B2875FE21000AE722 /* Models */,
				DB710EF728787EDF0087FD2B /* PassView */,
				DB710EF228787E2A0087FD2B /* SettingsView */,
				DBB6871128749655009348BA /* DocumentsView */,
				DB9AAB38287B6946004D01DB /* Cells */,
				DBB6871028749626009348BA /* FileManagerService */,
				DBCF0170287602EC000AE722 /* Extensions */,
				DB9AAB39287B6967004D01DB /* KeychainManager */,
				DBB6870528748C35009348BA /* Assets.xcassets */,
				DBB6870728748C35009348BA /* LaunchScreen.storyboard */,
				DBB6870A28748C35009348BA /* Info.plist */,
			);
			path = MyDocuments;
			sourceTree = "<group>";
		};
		DBB6871028749626009348BA /* FileManagerService */ = {
			isa = PBXGroup;
			children = (
				DBB6871228749674009348BA /* FileManagerService.swift */,
			);
			path = FileManagerService;
			sourceTree = "<group>";
		};
		DBB6871128749655009348BA /* DocumentsView */ = {
			isa = PBXGroup;
			children = (
				DBB6870028748C33009348BA /* DocumentsViewController.swift */,
			);
			path = DocumentsView;
			sourceTree = "<group>";
		};
		DBCF016B2875FE21000AE722 /* Models */ = {
			isa = PBXGroup;
			children = (
				DBCF016C2875FE3D000AE722 /* Document.swift */,
			);
			path = Models;
			sourceTree = "<group>";
		};
		DBCF0170287602EC000AE722 /* Extensions */ = {
			isa = PBXGroup;
			children = (
				DBCF017128760343000AE722 /* Extensions.swift */,
			);
			path = Extensions;
			sourceTree = "<group>";
		};
/* End PBXGroup section */

/* Begin PBXNativeTarget section */
		DBB686F828748C33009348BA /* MyDocuments */ = {
			isa = PBXNativeTarget;
			buildConfigurationList = DBB6870D28748C35009348BA /* Build configuration list for PBXNativeTarget "MyDocuments" */;
			buildPhases = (
				0AE469337D0938C2269C8B19 /* [CP] Check Pods Manifest.lock */,
				DBB686F528748C33009348BA /* Sources */,
				DBB686F628748C33009348BA /* Frameworks */,
				DBB686F728748C33009348BA /* Resources */,
			);
			buildRules = (
			);
			dependencies = (
			);
			name = MyDocuments;
			packageProductDependencies = (
				DB9AAB3C287B8771004D01DB /* KeychainAccess */,
			);
			productName = MyDocuments;
			productReference = DBB686F928748C33009348BA /* MyDocuments.app */;
			productType = "com.apple.product-type.application";
		};
/* End PBXNativeTarget section */

/* Begin PBXProject section */
		DBB686F128748C33009348BA /* Project object */ = {
			isa = PBXProject;
			attributes = {
				BuildIndependentTargetsInParallel = 1;
				LastSwiftUpdateCheck = 1340;
				LastUpgradeCheck = 1340;
				TargetAttributes = {
					DBB686F828748C33009348BA = {
						CreatedOnToolsVersion = 13.4.1;
					};
				};
			};
			buildConfigurationList = DBB686F428748C33009348BA /* Build configuration list for PBXProject "MyDocuments" */;
			compatibilityVersion = "Xcode 13.0";
			developmentRegion = en;
			hasScannedForEncodings = 0;
			knownRegions = (
				en,
				Base,
			);
			mainGroup = DBB686F028748C33009348BA;
			packageReferences = (
				DB9AAB3B287B8771004D01DB /* XCRemoteSwiftPackageReference "KeychainAccess" */,
			);
			productRefGroup = DBB686FA28748C33009348BA /* Products */;
			projectDirPath = "";
			projectRoot = "";
			targets = (
				DBB686F828748C33009348BA /* MyDocuments */,
			);
		};
/* End PBXProject section */

/* Begin PBXResourcesBuildPhase section */
		DBB686F728748C33009348BA /* Resources */ = {
			isa = PBXResourcesBuildPhase;
			buildActionMask = 2147483647;
			files = (
				DBB6870928748C35009348BA /* LaunchScreen.storyboard in Resources */,
				DBB6870628748C35009348BA /* Assets.xcassets in Resources */,
			);
			runOnlyForDeploymentPostprocessing = 0;
		};
/* End PBXResourcesBuildPhase section */

/* Begin PBXShellScriptBuildPhase section */
		0AE469337D0938C2269C8B19 /* [CP] Check Pods Manifest.lock */ = {
			isa = PBXShellScriptBuildPhase;
			buildActionMask = 2147483647;
			files = (
			);
			inputFileListPaths = (
			);
			inputPaths = (
				"${PODS_PODFILE_DIR_PATH}/Podfile.lock",
				"${PODS_ROOT}/Manifest.lock",
			);
			name = "[CP] Check Pods Manifest.lock";
			outputFileListPaths = (
			);
			outputPaths = (
				"$(DERIVED_FILE_DIR)/Pods-MyDocuments-checkManifestLockResult.txt",
			);
			runOnlyForDeploymentPostprocessing = 0;
			shellPath = /bin/sh;
			shellScript = "diff \"${PODS_PODFILE_DIR_PATH}/Podfile.lock\" \"${PODS_ROOT}/Manifest.lock\" > /dev/null\nif [ $? != 0 ] ; then\n    # print error to STDERR\n    echo \"error: The sandbox is not in sync with the Podfile.lock. Run 'pod install' or update your CocoaPods installation.\" >&2\n    exit 1\nfi\n# This output is used by Xcode 'outputs' to avoid re-running this script phase.\necho \"SUCCESS\" > \"${SCRIPT_OUTPUT_FILE_0}\"\n";
			showEnvVarsInLog = 0;
		};
/* End PBXShellScriptBuildPhase section */

/* Begin PBXSourcesBuildPhase section */
		DBB686F528748C33009348BA /* Sources */ = {
			isa = PBXSourcesBuildPhase;
			buildActionMask = 2147483647;
			files = (
				DBB6870128748C33009348BA /* DocumentsViewController.swift in Sources */,
				DBA67412287B0B1200C6BCEB /* MainTabBarController.swift in Sources */,
				DBB686FD28748C33009348BA /* AppDelegate.swift in Sources */,
				DBB686FF28748C33009348BA /* SceneDelegate.swift in Sources */,
				DBB6871328749674009348BA /* FileManagerService.swift in Sources */,
				DBCF016F2875FED6000AE722 /* DocumentsTableViewCell.swift in Sources */,
				DB710EF928787EFB0087FD2B /* PassViewController.swift in Sources */,
				DBCF016D2875FE3D000AE722 /* Document.swift in Sources */,
				DBA6740C287A08E500C6BCEB /* KeychainManager.swift in Sources */,
				DBA67414287B118400C6BCEB /* Credentials.swift in Sources */,
				DBCF017228760343000AE722 /* Extensions.swift in Sources */,
				DB710EF628787E730087FD2B /* SortedTableViewCell.swift in Sources */,
				DB710EF428787E540087FD2B /* SettingsViewController.swift in Sources */,
				DBA67416287B1E4F00C6BCEB /* AuthState.swift in Sources */,
			);
			runOnlyForDeploymentPostprocessing = 0;
		};
/* End PBXSourcesBuildPhase section */

/* Begin PBXVariantGroup section */
		DBB6870728748C35009348BA /* LaunchScreen.storyboard */ = {
			isa = PBXVariantGroup;
			children = (
				DBB6870828748C35009348BA /* Base */,
			);
			name = LaunchScreen.storyboard;
			sourceTree = "<group>";
		};
/* End PBXVariantGroup section */

/* Begin XCBuildConfiguration section */
		DBB6870B28748C35009348BA /* Debug */ = {
			isa = XCBuildConfiguration;
			buildSettings = {
				ALWAYS_SEARCH_USER_PATHS = NO;
				CLANG_ANALYZER_NONNULL = YES;
				CLANG_ANALYZER_NUMBER_OBJECT_CONVERSION = YES_AGGRESSIVE;
				CLANG_CXX_LANGUAGE_STANDARD = "gnu++17";
				CLANG_ENABLE_MODULES = YES;
				CLANG_ENABLE_OBJC_ARC = YES;
				CLANG_ENABLE_OBJC_WEAK = YES;
				CLANG_WARN_BLOCK_CAPTURE_AUTORELEASING = YES;
				CLANG_WARN_BOOL_CONVERSION = YES;
				CLANG_WARN_COMMA = YES;
				CLANG_WARN_CONSTANT_CONVERSION = YES;
				CLANG_WARN_DEPRECATED_OBJC_IMPLEMENTATIONS = YES;
				CLANG_WARN_DIRECT_OBJC_ISA_USAGE = YES_ERROR;
				CLANG_WARN_DOCUMENTATION_COMMENTS = YES;
				CLANG_WARN_EMPTY_BODY = YES;
				CLANG_WARN_ENUM_CONVERSION = YES;
				CLANG_WARN_INFINITE_RECURSION = YES;
				CLANG_WARN_INT_CONVERSION = YES;
				CLANG_WARN_NON_LITERAL_NULL_CONVERSION = YES;
				CLANG_WARN_OBJC_IMPLICIT_RETAIN_SELF = YES;
				CLANG_WARN_OBJC_LITERAL_CONVERSION = YES;
				CLANG_WARN_OBJC_ROOT_CLASS = YES_ERROR;
				CLANG_WARN_QUOTED_INCLUDE_IN_FRAMEWORK_HEADER = YES;
				CLANG_WARN_RANGE_LOOP_ANALYSIS = YES;
				CLANG_WARN_STRICT_PROTOTYPES = YES;
				CLANG_WARN_SUSPICIOUS_MOVE = YES;
				CLANG_WARN_UNGUARDED_AVAILABILITY = YES_AGGRESSIVE;
				CLANG_WARN_UNREACHABLE_CODE = YES;
				CLANG_WARN__DUPLICATE_METHOD_MATCH = YES;
				COPY_PHASE_STRIP = NO;
				DEBUG_INFORMATION_FORMAT = dwarf;
				ENABLE_STRICT_OBJC_MSGSEND = YES;
				ENABLE_TESTABILITY = YES;
				GCC_C_LANGUAGE_STANDARD = gnu11;
				GCC_DYNAMIC_NO_PIC = NO;
				GCC_NO_COMMON_BLOCKS = YES;
				GCC_OPTIMIZATION_LEVEL = 0;
				GCC_PREPROCESSOR_DEFINITIONS = (
					"DEBUG=1",
					"$(inherited)",
				);
				GCC_WARN_64_TO_32_BIT_CONVERSION = YES;
				GCC_WARN_ABOUT_RETURN_TYPE = YES_ERROR;
				GCC_WARN_UNDECLARED_SELECTOR = YES;
				GCC_WARN_UNINITIALIZED_AUTOS = YES_AGGRESSIVE;
				GCC_WARN_UNUSED_FUNCTION = YES;
				GCC_WARN_UNUSED_VARIABLE = YES;
				IPHONEOS_DEPLOYMENT_TARGET = 15.5;
				MTL_ENABLE_DEBUG_INFO = INCLUDE_SOURCE;
				MTL_FAST_MATH = YES;
				ONLY_ACTIVE_ARCH = YES;
				SDKROOT = iphoneos;
				SWIFT_ACTIVE_COMPILATION_CONDITIONS = DEBUG;
				SWIFT_OPTIMIZATION_LEVEL = "-Onone";
			};
			name = Debug;
		};
		DBB6870C28748C35009348BA /* Release */ = {
			isa = XCBuildConfiguration;
			buildSettings = {
				ALWAYS_SEARCH_USER_PATHS = NO;
				CLANG_ANALYZER_NONNULL = YES;
				CLANG_ANALYZER_NUMBER_OBJECT_CONVERSION = YES_AGGRESSIVE;
				CLANG_CXX_LANGUAGE_STANDARD = "gnu++17";
				CLANG_ENABLE_MODULES = YES;
				CLANG_ENABLE_OBJC_ARC = YES;
				CLANG_ENABLE_OBJC_WEAK = YES;
				CLANG_WARN_BLOCK_CAPTURE_AUTORELEASING = YES;
				CLANG_WARN_BOOL_CONVERSION = YES;
				CLANG_WARN_COMMA = YES;
				CLANG_WARN_CONSTANT_CONVERSION = YES;
				CLANG_WARN_DEPRECATED_OBJC_IMPLEMENTATIONS = YES;
				CLANG_WARN_DIRECT_OBJC_ISA_USAGE = YES_ERROR;
				CLANG_WARN_DOCUMENTATION_COMMENTS = YES;
				CLANG_WARN_EMPTY_BODY = YES;
				CLANG_WARN_ENUM_CONVERSION = YES;
				CLANG_WARN_INFINITE_RECURSION = YES;
				CLANG_WARN_INT_CONVERSION = YES;
				CLANG_WARN_NON_LITERAL_NULL_CONVERSION = YES;
				CLANG_WARN_OBJC_IMPLICIT_RETAIN_SELF = YES;
				CLANG_WARN_OBJC_LITERAL_CONVERSION = YES;
				CLANG_WARN_OBJC_ROOT_CLASS = YES_ERROR;
				CLANG_WARN_QUOTED_INCLUDE_IN_FRAMEWORK_HEADER = YES;
				CLANG_WARN_RANGE_LOOP_ANALYSIS = YES;
				CLANG_WARN_STRICT_PROTOTYPES = YES;
				CLANG_WARN_SUSPICIOUS_MOVE = YES;
				CLANG_WARN_UNGUARDED_AVAILABILITY = YES_AGGRESSIVE;
				CLANG_WARN_UNREACHABLE_CODE = YES;
				CLANG_WARN__DUPLICATE_METHOD_MATCH = YES;
				COPY_PHASE_STRIP = NO;
				DEBUG_INFORMATION_FORMAT = "dwarf-with-dsym";
				ENABLE_NS_ASSERTIONS = NO;
				ENABLE_STRICT_OBJC_MSGSEND = YES;
				GCC_C_LANGUAGE_STANDARD = gnu11;
				GCC_NO_COMMON_BLOCKS = YES;
				GCC_WARN_64_TO_32_BIT_CONVERSION = YES;
				GCC_WARN_ABOUT_RETURN_TYPE = YES_ERROR;
				GCC_WARN_UNDECLARED_SELECTOR = YES;
				GCC_WARN_UNINITIALIZED_AUTOS = YES_AGGRESSIVE;
				GCC_WARN_UNUSED_FUNCTION = YES;
				GCC_WARN_UNUSED_VARIABLE = YES;
				IPHONEOS_DEPLOYMENT_TARGET = 15.5;
				MTL_ENABLE_DEBUG_INFO = NO;
				MTL_FAST_MATH = YES;
				SDKROOT = iphoneos;
				SWIFT_COMPILATION_MODE = wholemodule;
				SWIFT_OPTIMIZATION_LEVEL = "-O";
				VALIDATE_PRODUCT = YES;
			};
			name = Release;
		};
		DBB6870E28748C35009348BA /* Debug */ = {
			isa = XCBuildConfiguration;
			baseConfigurationReference = CCD95149AEA18C911AC9FB81 /* Pods-MyDocuments.debug.xcconfig */;
			buildSettings = {
				ASSETCATALOG_COMPILER_APPICON_NAME = AppIcon;
				ASSETCATALOG_COMPILER_GLOBAL_ACCENT_COLOR_NAME = AccentColor;
				CODE_SIGN_STYLE = Automatic;
				CURRENT_PROJECT_VERSION = 1;
				DEVELOPMENT_TEAM = 46SB5959W9;
				GENERATE_INFOPLIST_FILE = YES;
				INFOPLIST_FILE = MyDocuments/Info.plist;
				INFOPLIST_KEY_UIApplicationSupportsIndirectInputEvents = YES;
				INFOPLIST_KEY_UILaunchStoryboardName = LaunchScreen;
				INFOPLIST_KEY_UISupportedInterfaceOrientations = UIInterfaceOrientationPortrait;
				INFOPLIST_KEY_UISupportedInterfaceOrientations_iPad = "UIInterfaceOrientationPortrait UIInterfaceOrientationPortraitUpsideDown UIInterfaceOrientationLandscapeLeft UIInterfaceOrientationLandscapeRight";
				INFOPLIST_KEY_UISupportedInterfaceOrientations_iPhone = "UIInterfaceOrientationPortrait UIInterfaceOrientationLandscapeLeft UIInterfaceOrientationLandscapeRight";
				LD_RUNPATH_SEARCH_PATHS = (
					"$(inherited)",
					"@executable_path/Frameworks",
				);
				MARKETING_VERSION = 1.0;
				PRODUCT_BUNDLE_IDENTIFIER = "com.iOS-18.MyDocuments.MyDocuments";
				PRODUCT_NAME = "$(TARGET_NAME)";
				SWIFT_EMIT_LOC_STRINGS = YES;
				SWIFT_VERSION = 5.0;
				TARGETED_DEVICE_FAMILY = "1,2";
			};
			name = Debug;
		};
		DBB6870F28748C35009348BA /* Release */ = {
			isa = XCBuildConfiguration;
			baseConfigurationReference = 1D8E679684E2ACF86C0CC3FC /* Pods-MyDocuments.release.xcconfig */;
			buildSettings = {
				ASSETCATALOG_COMPILER_APPICON_NAME = AppIcon;
				ASSETCATALOG_COMPILER_GLOBAL_ACCENT_COLOR_NAME = AccentColor;
				CODE_SIGN_STYLE = Automatic;
				CURRENT_PROJECT_VERSION = 1;
				DEVELOPMENT_TEAM = 46SB5959W9;
				GENERATE_INFOPLIST_FILE = YES;
				INFOPLIST_FILE = MyDocuments/Info.plist;
				INFOPLIST_KEY_UIApplicationSupportsIndirectInputEvents = YES;
				INFOPLIST_KEY_UILaunchStoryboardName = LaunchScreen;
				INFOPLIST_KEY_UISupportedInterfaceOrientations = UIInterfaceOrientationPortrait;
				INFOPLIST_KEY_UISupportedInterfaceOrientations_iPad = "UIInterfaceOrientationPortrait UIInterfaceOrientationPortraitUpsideDown UIInterfaceOrientationLandscapeLeft UIInterfaceOrientationLandscapeRight";
				INFOPLIST_KEY_UISupportedInterfaceOrientations_iPhone = "UIInterfaceOrientationPortrait UIInterfaceOrientationLandscapeLeft UIInterfaceOrientationLandscapeRight";
				LD_RUNPATH_SEARCH_PATHS = (
					"$(inherited)",
					"@executable_path/Frameworks",
				);
				MARKETING_VERSION = 1.0;
				PRODUCT_BUNDLE_IDENTIFIER = "com.iOS-18.MyDocuments.MyDocuments";
				PRODUCT_NAME = "$(TARGET_NAME)";
				SWIFT_EMIT_LOC_STRINGS = YES;
				SWIFT_VERSION = 5.0;
				TARGETED_DEVICE_FAMILY = "1,2";
			};
			name = Release;
		};
/* End XCBuildConfiguration section */

/* Begin XCConfigurationList section */
		DBB686F428748C33009348BA /* Build configuration list for PBXProject "MyDocuments" */ = {
			isa = XCConfigurationList;
			buildConfigurations = (
				DBB6870B28748C35009348BA /* Debug */,
				DBB6870C28748C35009348BA /* Release */,
			);
			defaultConfigurationIsVisible = 0;
			defaultConfigurationName = Release;
		};
		DBB6870D28748C35009348BA /* Build configuration list for PBXNativeTarget "MyDocuments" */ = {
			isa = XCConfigurationList;
			buildConfigurations = (
				DBB6870E28748C35009348BA /* Debug */,
				DBB6870F28748C35009348BA /* Release */,
			);
			defaultConfigurationIsVisible = 0;
			defaultConfigurationName = Release;
		};
/* End XCConfigurationList section */

/* Begin XCRemoteSwiftPackageReference section */
		DB9AAB3B287B8771004D01DB /* XCRemoteSwiftPackageReference "KeychainAccess" */ = {
			isa = XCRemoteSwiftPackageReference;
			repositoryURL = "https://github.com/kishikawakatsumi/KeychainAccess";
			requirement = {
				branch = master;
				kind = branch;
			};
		};
/* End XCRemoteSwiftPackageReference section */

/* Begin XCSwiftPackageProductDependency section */
		DB9AAB3C287B8771004D01DB /* KeychainAccess */ = {
			isa = XCSwiftPackageProductDependency;
			package = DB9AAB3B287B8771004D01DB /* XCRemoteSwiftPackageReference "KeychainAccess" */;
			productName = KeychainAccess;
		};
/* End XCSwiftPackageProductDependency section */
	};
	rootObject = DBB686F128748C33009348BA /* Project object */;
}
